{
  "requires": true,
  "lockfileVersion": 1,
  "dependencies": {
    "@syncfusion/ej2": {
      "version": "19.2.62",
      "resolved": "https://registry.npmjs.org/@syncfusion/ej2/-/ej2-19.2.62.tgz",
      "integrity": "sha512-dnVU/gJImrHueUufa9G9JcWedmX54DQeOYkdu72bdUhwySzarjY3FZTpu017rPBGtnMPmzs8FPsw/7s6Vm3KCQ==",
      "requires": {
        "@syncfusion/ej2-barcode-generator": "~19.2.60",
        "@syncfusion/ej2-base": "~19.2.60",
        "@syncfusion/ej2-buttons": "~19.2.60",
        "@syncfusion/ej2-calendars": "~19.2.62",
        "@syncfusion/ej2-charts": "~19.2.62",
        "@syncfusion/ej2-circulargauge": "~19.2.62",
        "@syncfusion/ej2-compression": "~19.2.60",
        "@syncfusion/ej2-data": "~19.2.60",
        "@syncfusion/ej2-diagrams": "~19.2.62",
        "@syncfusion/ej2-documenteditor": "~19.2.62",
        "@syncfusion/ej2-drawings": "~19.2.60",
        "@syncfusion/ej2-dropdowns": "~19.2.62",
        "@syncfusion/ej2-excel-export": "~19.2.60",
        "@syncfusion/ej2-file-utils": "~19.2.60",
        "@syncfusion/ej2-filemanager": "~19.2.60",
        "@syncfusion/ej2-gantt": "~19.2.62",
        "@syncfusion/ej2-grids": "~19.2.62",
        "@syncfusion/ej2-heatmap": "~19.2.60",
        "@syncfusion/ej2-icons": "~19.2.60",
        "@syncfusion/ej2-inplace-editor": "~19.2.60",
        "@syncfusion/ej2-inputs": "~19.2.60",
        "@syncfusion/ej2-kanban": "~19.2.60",
        "@syncfusion/ej2-layouts": "~19.2.60",
        "@syncfusion/ej2-lineargauge": "~19.2.60",
        "@syncfusion/ej2-lists": "~19.2.60",
        "@syncfusion/ej2-maps": "~19.2.60",
        "@syncfusion/ej2-navigations": "~19.2.62",
        "@syncfusion/ej2-notifications": "~19.2.60",
        "@syncfusion/ej2-office-chart": "~19.2.60",
        "@syncfusion/ej2-pdf-export": "~19.2.60",
        "@syncfusion/ej2-pdfviewer": "~19.2.61",
        "@syncfusion/ej2-pivotview": "~19.2.60",
        "@syncfusion/ej2-popups": "~19.2.62",
        "@syncfusion/ej2-progressbar": "~19.2.60",
        "@syncfusion/ej2-querybuilder": "~19.2.60",
        "@syncfusion/ej2-richtexteditor": "~19.2.62",
        "@syncfusion/ej2-schedule": "~19.2.60",
        "@syncfusion/ej2-splitbuttons": "~19.2.62",
        "@syncfusion/ej2-spreadsheet": "~19.2.62",
        "@syncfusion/ej2-svg-base": "~19.2.60",
        "@syncfusion/ej2-treegrid": "~19.2.60",
        "@syncfusion/ej2-treemap": "~19.2.60",
        "@types/lodash": "4.14.159",
        "tslib": "^1.8.0"
      }
    },
    "@syncfusion/ej2-barcode-generator": {
      "version": "19.2.60",
      "resolved": "https://registry.npmjs.org/@syncfusion/ej2-barcode-generator/-/ej2-barcode-generator-19.2.60.tgz",
      "integrity": "sha512-NjBYeCT6/W72W6S15aictSRkKfrGPJDIYHezhPHsN1d0GyK5+xYO3VU6tmY2t9zBHtxSjRC5lAYiPEzUefub4w==",
      "requires": {
        "@syncfusion/ej2-base": "~19.2.60",
        "@syncfusion/ej2-data": "~19.2.60"
      }
    },
    "@syncfusion/ej2-base": {
      "version": "19.2.60",
      "resolved": "https://registry.npmjs.org/@syncfusion/ej2-base/-/ej2-base-19.2.60.tgz",
      "integrity": "sha512-TlUKqKc9/B9c8UWdihM9HIS2QG/YietKA12QTaQuDR2tZNVnU40VJmCwGUJT1LxhDxJRrJrzV8aCbbCGM/a8Xw==",
      "requires": {
        "@syncfusion/ej2-icons": "~19.2.60"
      }
    },
    "@syncfusion/ej2-buttons": {
      "version": "19.2.60",
      "resolved": "https://registry.npmjs.org/@syncfusion/ej2-buttons/-/ej2-buttons-19.2.60.tgz",
      "integrity": "sha512-AvxDXrVqvkPlTb/DnQHs4izjq0tKlheobyR2NUibD8a3mcVbll/0nRjMTuUcuDuTz/KNvLTyLNso5FXgrbKOxw==",
      "requires": {
        "@syncfusion/ej2-base": "~19.2.60"
      }
    },
    "@syncfusion/ej2-calendars": {
      "version": "19.2.62",
      "resolved": "https://registry.npmjs.org/@syncfusion/ej2-calendars/-/ej2-calendars-19.2.62.tgz",
      "integrity": "sha512-zoN+MrriQsHf2UbeBvvDjiBbg38t1W3hB7mAHYruj+qmKE12RQrdWpHMCkqfCyCmOiS5YZytu0aV89iKB1sjRQ==",
      "requires": {
        "@syncfusion/ej2-base": "~19.2.60",
        "@syncfusion/ej2-buttons": "~19.2.60",
        "@syncfusion/ej2-inputs": "~19.2.60",
        "@syncfusion/ej2-lists": "~19.2.60",
        "@syncfusion/ej2-popups": "~19.2.62"
      }
    },
    "@syncfusion/ej2-charts": {
      "version": "19.2.62",
      "resolved": "https://registry.npmjs.org/@syncfusion/ej2-charts/-/ej2-charts-19.2.62.tgz",
      "integrity": "sha512-8XOOu5O3FEiHKI92NHbaF/HOMnPj5DS4RTpI7hQKxSl49zuqol3qQW6jC/3QyE8VvACmYHUxDJBdtHOYwUSZNQ==",
      "requires": {
        "@syncfusion/ej2-base": "~19.2.60",
        "@syncfusion/ej2-calendars": "~19.2.62",
        "@syncfusion/ej2-compression": "~19.2.60",
        "@syncfusion/ej2-data": "~19.2.60",
        "@syncfusion/ej2-file-utils": "~19.2.60",
        "@syncfusion/ej2-navigations": "~19.2.62",
        "@syncfusion/ej2-pdf-export": "~19.2.60",
        "@syncfusion/ej2-svg-base": "~19.2.60"
      }
    },
    "@syncfusion/ej2-circulargauge": {
      "version": "19.2.62",
      "resolved": "https://registry.npmjs.org/@syncfusion/ej2-circulargauge/-/ej2-circulargauge-19.2.62.tgz",
      "integrity": "sha512-R6ATCCYDiyrNX+OqswRAUPUwX/m/TOBFe+KyU0GvirbH5FI6GcT05VYWWGin9CIiBTvmWPDnIwmmP+qXZqWFSg==",
      "requires": {
        "@syncfusion/ej2-base": "~19.2.60",
        "@syncfusion/ej2-pdf-export": "~19.2.60",
        "@syncfusion/ej2-svg-base": "~19.2.60"
      }
    },
    "@syncfusion/ej2-compression": {
      "version": "19.2.60",
      "resolved": "https://registry.npmjs.org/@syncfusion/ej2-compression/-/ej2-compression-19.2.60.tgz",
      "integrity": "sha512-XFl25vGqdPRLBv71/6+U843TDBx4n+2DTyHm4u7Jr+qDMOZI2D+Jd+2zx9eV3IXPa3vibtyud56P4KxVQsPCMw==",
      "requires": {
        "@syncfusion/ej2-file-utils": "~19.2.60"
      }
    },
    "@syncfusion/ej2-data": {
      "version": "19.2.60",
      "resolved": "https://registry.npmjs.org/@syncfusion/ej2-data/-/ej2-data-19.2.60.tgz",
      "integrity": "sha512-OaSYS9/Hbcw60AtrKOYiwNQqD1tmuC8LeSstqCnCwtsjtvbflH9CTh9vNlvfCs72/+0JscNyOw+cTP8dMt50ag==",
      "requires": {
        "@syncfusion/ej2-base": "~19.2.60"
      }
    },
    "@syncfusion/ej2-diagrams": {
      "version": "19.2.62",
      "resolved": "https://registry.npmjs.org/@syncfusion/ej2-diagrams/-/ej2-diagrams-19.2.62.tgz",
      "integrity": "sha512-T88fDC+1+pEqkS+eMySA+EI3UsOWAnFsjaWqBbBHouHA0qmKtzNvC5GenbOwDpEpsB4FPBfQZQrw77WJk87Idg==",
      "requires": {
        "@syncfusion/ej2-base": "~19.2.60",
        "@syncfusion/ej2-buttons": "~19.2.60",
        "@syncfusion/ej2-data": "~19.2.60",
        "@syncfusion/ej2-inputs": "~19.2.60",
        "@syncfusion/ej2-lists": "~19.2.60",
        "@syncfusion/ej2-navigations": "~19.2.62",
        "@syncfusion/ej2-popups": "~19.2.62"
      }
    },
    "@syncfusion/ej2-documenteditor": {
      "version": "19.2.62",
      "resolved": "https://registry.npmjs.org/@syncfusion/ej2-documenteditor/-/ej2-documenteditor-19.2.62.tgz",
      "integrity": "sha512-0AfIw2TDVPqjEOTjbp3siQOxaT8+31XoYt4dWrgybsE38P2dgVlo4hjgD+vhO8kpKa341pWLZWRFehPaETnbZw==",
      "requires": {
        "@syncfusion/ej2-base": "~19.2.60",
        "@syncfusion/ej2-buttons": "~19.2.60",
        "@syncfusion/ej2-calendars": "~19.2.62",
        "@syncfusion/ej2-compression": "~19.2.60",
        "@syncfusion/ej2-dropdowns": "~19.2.62",
        "@syncfusion/ej2-file-utils": "~19.2.60",
        "@syncfusion/ej2-inputs": "~19.2.60",
        "@syncfusion/ej2-navigations": "~19.2.62",
        "@syncfusion/ej2-office-chart": "~19.2.60",
        "@syncfusion/ej2-popups": "~19.2.62",
        "@syncfusion/ej2-splitbuttons": "~19.2.62"
      }
    },
    "@syncfusion/ej2-drawings": {
      "version": "19.2.60",
      "resolved": "https://registry.npmjs.org/@syncfusion/ej2-drawings/-/ej2-drawings-19.2.60.tgz",
      "integrity": "sha512-1DU4g8FK3FFmmq0Jb3mOo/xlBDEbRDjF5A9RwBwOo1RqtkgcOH5dKV8sgF5u/vUTCnTygAuqQDxPPy62A1HdzQ==",
      "requires": {
        "@syncfusion/ej2-base": "~19.2.60",
        "@syncfusion/ej2-data": "~19.2.60"
      }
    },
    "@syncfusion/ej2-dropdowns": {
      "version": "19.2.62",
      "resolved": "https://registry.npmjs.org/@syncfusion/ej2-dropdowns/-/ej2-dropdowns-19.2.62.tgz",
      "integrity": "sha512-szbw4Aqtosba1D83M7EhcWjNFw3Q0sdw4g09YEUS2hPvXOd/3l+RS5eMy99bgFO/rD0ZVWbgm4gT5KwoAD9eeQ==",
      "requires": {
        "@syncfusion/ej2-base": "~19.2.60",
        "@syncfusion/ej2-data": "~19.2.60",
        "@syncfusion/ej2-inputs": "~19.2.60",
        "@syncfusion/ej2-lists": "~19.2.60",
        "@syncfusion/ej2-navigations": "~19.2.62",
        "@syncfusion/ej2-popups": "~19.2.62"
      }
    },
    "@syncfusion/ej2-excel-export": {
      "version": "19.2.60",
      "resolved": "https://registry.npmjs.org/@syncfusion/ej2-excel-export/-/ej2-excel-export-19.2.60.tgz",
      "integrity": "sha512-D9fF3688LBpIQTuYYE7/2Q0IGiSdeURYfB8FZf4o5f8sP1Ms3+9q24pwrlDKGwgcK57GI3costlj7ZJraZmFwg==",
      "requires": {
        "@syncfusion/ej2-base": "~19.2.60",
        "@syncfusion/ej2-compression": "~19.2.60"
      }
    },
    "@syncfusion/ej2-file-utils": {
      "version": "19.2.60",
      "resolved": "https://registry.npmjs.org/@syncfusion/ej2-file-utils/-/ej2-file-utils-19.2.60.tgz",
      "integrity": "sha512-GIKB2Ta8g5ED8BN26rMuJCNcZiYlUQu6XqNTPjtifigBLfCUtB99J2ssBJgDaUaQ7437IdduFfk7ArWWyuK1fA=="
    },
    "@syncfusion/ej2-filemanager": {
      "version": "19.2.60",
      "resolved": "https://registry.npmjs.org/@syncfusion/ej2-filemanager/-/ej2-filemanager-19.2.60.tgz",
      "integrity": "sha512-BIH1cZqfkMKWLDWf7guv2MHHdLwqfos2lUaKDHJoFfaGuL7DoMG1SXNvf6mQd6dNmBY0K8P8fpzf7FikxTjnlg==",
      "requires": {
        "@syncfusion/ej2-base": "~19.2.60",
        "@syncfusion/ej2-buttons": "~19.2.60",
        "@syncfusion/ej2-data": "~19.2.60",
        "@syncfusion/ej2-grids": "~19.2.60",
        "@syncfusion/ej2-inputs": "~19.2.60",
        "@syncfusion/ej2-layouts": "~19.2.60",
        "@syncfusion/ej2-lists": "~19.2.60",
        "@syncfusion/ej2-navigations": "~19.2.60",
        "@syncfusion/ej2-popups": "~19.2.60",
        "@syncfusion/ej2-splitbuttons": "~19.2.60",
        "selenium-webdriver": "^4.0.0-alpha.1"
      }
    },
    "@syncfusion/ej2-gantt": {
      "version": "19.2.62",
      "resolved": "https://registry.npmjs.org/@syncfusion/ej2-gantt/-/ej2-gantt-19.2.62.tgz",
      "integrity": "sha512-9RYwc0hHUcmh4386Hc/TP0KIZXwmpnQ1raLYXymknK9kdJqJxjrDJX2tvtwxzkNMHt7Q38gWrg01EAAC0dbi3w==",
      "requires": {
        "@syncfusion/ej2-base": "~19.2.60",
        "@syncfusion/ej2-buttons": "~19.2.60",
        "@syncfusion/ej2-calendars": "~19.2.62",
        "@syncfusion/ej2-data": "~19.2.60",
        "@syncfusion/ej2-dropdowns": "~19.2.62",
        "@syncfusion/ej2-grids": "~19.2.62",
        "@syncfusion/ej2-inputs": "~19.2.60",
        "@syncfusion/ej2-layouts": "~19.2.60",
        "@syncfusion/ej2-lists": "~19.2.60",
        "@syncfusion/ej2-navigations": "~19.2.62",
        "@syncfusion/ej2-popups": "~19.2.62",
        "@syncfusion/ej2-richtexteditor": "~19.2.62",
        "@syncfusion/ej2-treegrid": "~19.2.60"
      }
    },
    "@syncfusion/ej2-grids": {
      "version": "19.2.62",
      "resolved": "https://registry.npmjs.org/@syncfusion/ej2-grids/-/ej2-grids-19.2.62.tgz",
      "integrity": "sha512-iGfiVGcKqlMnNMIjnVwEaGwUPNtwxYxKif6wqm/wdvgSZLfH8IpZ2pWa67iB7S50gOlnd/xhiDcVb0VwGFxxDA==",
      "requires": {
        "@syncfusion/ej2-base": "~19.2.60",
        "@syncfusion/ej2-buttons": "~19.2.60",
        "@syncfusion/ej2-calendars": "~19.2.62",
        "@syncfusion/ej2-compression": "~19.2.60",
        "@syncfusion/ej2-data": "~19.2.60",
        "@syncfusion/ej2-dropdowns": "~19.2.62",
        "@syncfusion/ej2-excel-export": "~19.2.60",
        "@syncfusion/ej2-file-utils": "~19.2.60",
        "@syncfusion/ej2-inputs": "~19.2.60",
        "@syncfusion/ej2-lists": "~19.2.60",
        "@syncfusion/ej2-navigations": "~19.2.62",
        "@syncfusion/ej2-pdf-export": "~19.2.60",
        "@syncfusion/ej2-popups": "~19.2.62",
        "@syncfusion/ej2-splitbuttons": "~19.2.62"
      }
    },
    "@syncfusion/ej2-heatmap": {
      "version": "19.2.60",
      "resolved": "https://registry.npmjs.org/@syncfusion/ej2-heatmap/-/ej2-heatmap-19.2.60.tgz",
      "integrity": "sha512-DjHIQjPn59pIiiEeFmZNUmuYPeFvegWOKJJd2rHat6KgDc3Mme1zT5zQqTQu0coz/EPfQWEiDnBSIB/cbcnKeg==",
      "requires": {
        "@syncfusion/ej2-base": "~19.2.60",
        "@syncfusion/ej2-compression": "~19.2.60",
        "@syncfusion/ej2-data": "~19.2.60",
        "@syncfusion/ej2-file-utils": "~19.2.60",
        "@syncfusion/ej2-pdf-export": "~19.2.60",
        "@syncfusion/ej2-svg-base": "~19.2.60"
      }
    },
    "@syncfusion/ej2-icons": {
      "version": "19.2.60",
      "resolved": "https://registry.npmjs.org/@syncfusion/ej2-icons/-/ej2-icons-19.2.60.tgz",
      "integrity": "sha512-Q2XdkPSJ7FpYaAKmVTY9ZGPFxTrB3L9s8c24jNT+kFVZ7KiygEmSfESq52MmURkiZ8fLRY4qmil7x1y8Q5nDMQ=="
    },
    "@syncfusion/ej2-inplace-editor": {
      "version": "19.2.60",
      "resolved": "https://registry.npmjs.org/@syncfusion/ej2-inplace-editor/-/ej2-inplace-editor-19.2.60.tgz",
      "integrity": "sha512-7zDbn2xVr/lgqi+koD6a/FscRUi6AYXO5lGhWDqdVZ0v6ciKXa+H8IAn0CL2MOIdax4vbsn8brdnJauWR/bgsw==",
      "requires": {
        "@syncfusion/ej2-base": "~19.2.60",
        "@syncfusion/ej2-buttons": "~19.2.60",
        "@syncfusion/ej2-calendars": "~19.2.60",
        "@syncfusion/ej2-data": "~19.2.60",
        "@syncfusion/ej2-dropdowns": "~19.2.60",
        "@syncfusion/ej2-inputs": "~19.2.60",
        "@syncfusion/ej2-lists": "~19.2.60",
        "@syncfusion/ej2-navigations": "~19.2.60",
        "@syncfusion/ej2-popups": "~19.2.60",
        "@syncfusion/ej2-richtexteditor": "~19.2.60",
        "@syncfusion/ej2-splitbuttons": "~19.2.60"
      }
    },
    "@syncfusion/ej2-inputs": {
      "version": "19.2.60",
      "resolved": "https://registry.npmjs.org/@syncfusion/ej2-inputs/-/ej2-inputs-19.2.60.tgz",
      "integrity": "sha512-so/uIEEWPL6PiXWekwba6u2tZC8ZavNwAJ6YKefHRjRswdvtncbGx1+x3pBT4apN0f4fy5J200d1EJ3QgnzHhg==",
      "requires": {
        "@syncfusion/ej2-base": "~19.2.60",
        "@syncfusion/ej2-buttons": "~19.2.60",
        "@syncfusion/ej2-popups": "~19.2.60",
        "@syncfusion/ej2-splitbuttons": "~19.2.60"
      }
    },
    "@syncfusion/ej2-kanban": {
      "version": "19.2.60",
      "resolved": "https://registry.npmjs.org/@syncfusion/ej2-kanban/-/ej2-kanban-19.2.60.tgz",
      "integrity": "sha512-QYOSJea/Y8fBZzRVYtwd/dBxlnfhJQUSJ3QbwsYFJWP8Y9wv40iQ2kFVpoAmWxUVgC3RP2dzM3ldM1sHK522QQ==",
      "requires": {
        "@syncfusion/ej2-base": "~19.2.60",
        "@syncfusion/ej2-buttons": "~19.2.60",
        "@syncfusion/ej2-data": "~19.2.60",
        "@syncfusion/ej2-dropdowns": "~19.2.60",
        "@syncfusion/ej2-inputs": "~19.2.60",
        "@syncfusion/ej2-layouts": "~19.2.60",
        "@syncfusion/ej2-navigations": "~19.2.60",
        "@syncfusion/ej2-popups": "~19.2.60"
      }
    },
    "@syncfusion/ej2-layouts": {
      "version": "19.2.60",
      "resolved": "https://registry.npmjs.org/@syncfusion/ej2-layouts/-/ej2-layouts-19.2.60.tgz",
      "integrity": "sha512-GVoWbWEtP/rdID5QypSUGCDI2jmivlimgPsaBUUO0hwFxPds8xdHKWMlwnhGqS4trsL7NiNPBk9hGGN7CGwQiQ==",
      "requires": {
        "@syncfusion/ej2-base": "~19.2.60"
      }
    },
    "@syncfusion/ej2-lineargauge": {
      "version": "19.2.60",
      "resolved": "https://registry.npmjs.org/@syncfusion/ej2-lineargauge/-/ej2-lineargauge-19.2.60.tgz",
      "integrity": "sha512-6i1rZlfOJsswxwlCtin0DCG3SGHGJjhpovSFcJp7D0NMHUcds/RJPY2lBzAAEcdfOwN0xzbmgswo1hdqzszBnQ==",
      "requires": {
        "@syncfusion/ej2-base": "~19.2.60",
        "@syncfusion/ej2-pdf-export": "~19.2.60",
        "@syncfusion/ej2-popups": "~19.2.60",
        "@syncfusion/ej2-svg-base": "~19.2.60"
      }
    },
    "@syncfusion/ej2-lists": {
      "version": "19.2.60",
      "resolved": "https://registry.npmjs.org/@syncfusion/ej2-lists/-/ej2-lists-19.2.60.tgz",
      "integrity": "sha512-aG4/KJr1WriaQEmLlwaD/MAzsPsb/yO5tMQtnZcaxGm5PPMAFKm5/z83PgZb+qi+TmJM9bxyC2lXhu6UA7n1VA==",
      "requires": {
        "@syncfusion/ej2-base": "~19.2.60",
        "@syncfusion/ej2-buttons": "~19.2.60",
        "@syncfusion/ej2-data": "~19.2.60"
      }
    },
    "@syncfusion/ej2-maps": {
      "version": "19.2.60",
      "resolved": "https://registry.npmjs.org/@syncfusion/ej2-maps/-/ej2-maps-19.2.60.tgz",
      "integrity": "sha512-+uFlpn77RIzuyc4wroPoHPGCFN94mXTi2fQiWpwi65ImBdp7gvXX5sEjxFS442u5rc0K9zyNjfAlFlz8IaF++A==",
      "requires": {
        "@syncfusion/ej2-base": "~19.2.60",
        "@syncfusion/ej2-buttons": "~19.2.60",
        "@syncfusion/ej2-compression": "~19.2.60",
        "@syncfusion/ej2-data": "~19.2.60",
        "@syncfusion/ej2-file-utils": "~19.2.60",
        "@syncfusion/ej2-pdf-export": "~19.2.60",
        "@syncfusion/ej2-svg-base": "~19.2.60"
      }
    },
    "@syncfusion/ej2-navigations": {
      "version": "19.2.62",
      "resolved": "https://registry.npmjs.org/@syncfusion/ej2-navigations/-/ej2-navigations-19.2.62.tgz",
      "integrity": "sha512-KcCS0X6IevRt7mlLWveHZjae7QGsa1Zp2UWYpJKEc4l/zpeP5zlOF78YJ05ERXP8v+FCuQ62OpmIh+1Kcd9O3g==",
      "requires": {
        "@syncfusion/ej2-base": "~19.2.60",
        "@syncfusion/ej2-buttons": "~19.2.60",
        "@syncfusion/ej2-data": "~19.2.60",
        "@syncfusion/ej2-inputs": "~19.2.60",
        "@syncfusion/ej2-lists": "~19.2.60",
        "@syncfusion/ej2-popups": "~19.2.62"
      }
    },
    "@syncfusion/ej2-notifications": {
      "version": "19.2.60",
      "resolved": "https://registry.npmjs.org/@syncfusion/ej2-notifications/-/ej2-notifications-19.2.60.tgz",
      "integrity": "sha512-CYMYI90Aw9BBX0uxtZoytM8KlIKL2PTyx8axL6/wQl+0U2gYVeu3HilFW8JXm0Rwg9ABoVZLPVdqs1UteSNwew==",
      "requires": {
        "@syncfusion/ej2-base": "~19.2.60",
        "@syncfusion/ej2-buttons": "~19.2.60",
        "@syncfusion/ej2-popups": "~19.2.60"
      }
    },
    "@syncfusion/ej2-office-chart": {
      "version": "19.2.60",
      "resolved": "https://registry.npmjs.org/@syncfusion/ej2-office-chart/-/ej2-office-chart-19.2.60.tgz",
      "integrity": "sha512-vGftdtHTrc3ECsOUJzgydcV0DqnfZ439Bfh/6/CCoMew0F2QUg5Z0WQ1v94B2FjT+HMBp1Se7/qJfAPFW2iXBg==",
      "requires": {
        "@syncfusion/ej2-charts": "~19.2.60"
      }
    },
    "@syncfusion/ej2-pdf-export": {
      "version": "19.2.60",
      "resolved": "https://registry.npmjs.org/@syncfusion/ej2-pdf-export/-/ej2-pdf-export-19.2.60.tgz",
      "integrity": "sha512-KzpQmIZx60I7ZngA5Vf0UKMjJj0AVLObpGvFOmHfqzywYgMjwyHJVbq7JFhVRWsMQkMz4fl05/COqTDT/1zSvg==",
      "requires": {
        "@syncfusion/ej2-compression": "~19.2.60"
      }
    },
    "@syncfusion/ej2-pdfviewer": {
      "version": "19.2.61",
      "resolved": "https://registry.npmjs.org/@syncfusion/ej2-pdfviewer/-/ej2-pdfviewer-19.2.61.tgz",
      "integrity": "sha512-0Ii/csXWkeGLY6O2ZEfBXKdN2ADkhOflKFgs0Cjq011uQDROUDMU1Rra1dikk2YeCz07kGsghVDYIWnFkEcXUQ==",
      "requires": {
        "@syncfusion/ej2-base": "~19.2.60",
        "@syncfusion/ej2-buttons": "~19.2.60",
        "@syncfusion/ej2-calendars": "~19.2.60",
        "@syncfusion/ej2-compression": "~19.2.60",
        "@syncfusion/ej2-data": "~19.2.60",
        "@syncfusion/ej2-drawings": "~19.2.60",
        "@syncfusion/ej2-dropdowns": "~19.2.60",
        "@syncfusion/ej2-excel-export": "~19.2.60",
        "@syncfusion/ej2-file-utils": "~19.2.60",
        "@syncfusion/ej2-filemanager": "~19.2.60",
        "@syncfusion/ej2-grids": "~19.2.60",
        "@syncfusion/ej2-inplace-editor": "~19.2.60",
        "@syncfusion/ej2-inputs": "~19.2.60",
        "@syncfusion/ej2-layouts": "~19.2.60",
        "@syncfusion/ej2-lists": "~19.2.60",
        "@syncfusion/ej2-navigations": "~19.2.60",
        "@syncfusion/ej2-notifications": "~19.2.60",
        "@syncfusion/ej2-pdf-export": "~19.2.60",
        "@syncfusion/ej2-popups": "~19.2.60",
        "@syncfusion/ej2-richtexteditor": "~19.2.60"
      }
    },
    "@syncfusion/ej2-pivotview": {
      "version": "19.2.60",
      "resolved": "https://registry.npmjs.org/@syncfusion/ej2-pivotview/-/ej2-pivotview-19.2.60.tgz",
      "integrity": "sha512-GLaZzcjh1HSxBmiZsq2zIFAYBuGraMn6bt+GpGJvjG9cVOjyhFfNzIH99yFwLvWoP8At+//H4fPVkdOBdaoK2Q==",
      "requires": {
        "@syncfusion/ej2-base": "~19.2.60",
        "@syncfusion/ej2-buttons": "~19.2.60",
        "@syncfusion/ej2-calendars": "~19.2.60",
        "@syncfusion/ej2-charts": "~19.2.60",
        "@syncfusion/ej2-compression": "~19.2.60",
        "@syncfusion/ej2-data": "~19.2.60",
        "@syncfusion/ej2-dropdowns": "~19.2.60",
        "@syncfusion/ej2-excel-export": "~19.2.60",
        "@syncfusion/ej2-file-utils": "~19.2.60",
        "@syncfusion/ej2-grids": "~19.2.60",
        "@syncfusion/ej2-inputs": "~19.2.60",
        "@syncfusion/ej2-lists": "~19.2.60",
        "@syncfusion/ej2-navigations": "~19.2.60",
        "@syncfusion/ej2-pdf-export": "~19.2.60",
        "@syncfusion/ej2-popups": "~19.2.60",
        "@syncfusion/ej2-splitbuttons": "~19.2.60",
        "@syncfusion/ej2-svg-base": "~19.2.60"
      }
    },
    "@syncfusion/ej2-popups": {
      "version": "19.2.62",
      "resolved": "https://registry.npmjs.org/@syncfusion/ej2-popups/-/ej2-popups-19.2.62.tgz",
      "integrity": "sha512-QyyoidZ6fNt5duPPHZzyrJyG8IA/7siIK3+23AMd1j6I+9dHZpoxL+83pjYJjCaluPgskGC5CRYeFKBBri+f+Q==",
      "requires": {
        "@syncfusion/ej2-base": "~19.2.60",
        "@syncfusion/ej2-buttons": "~19.2.60"
      }
    },
    "@syncfusion/ej2-progressbar": {
      "version": "19.2.60",
      "resolved": "https://registry.npmjs.org/@syncfusion/ej2-progressbar/-/ej2-progressbar-19.2.60.tgz",
      "integrity": "sha512-B0bhyTh/knpHrQH5Ki8vf9yQzsHOvZBbm9sihZfBdoMSmZJqaSZVjoG7eQ5jTeazRi9v/Z+HOQpRyyRuxchcAw==",
      "requires": {
        "@syncfusion/ej2-base": "~19.2.60",
        "@syncfusion/ej2-data": "~19.2.60",
        "@syncfusion/ej2-svg-base": "~19.2.60"
      }
    },
    "@syncfusion/ej2-querybuilder": {
      "version": "19.2.60",
      "resolved": "https://registry.npmjs.org/@syncfusion/ej2-querybuilder/-/ej2-querybuilder-19.2.60.tgz",
      "integrity": "sha512-RRCSLE6u3UqxlaCYmvxC1A73cQlJB7l5/Du/2AZESDOYUKym78XlDshwXJZG4qGVxPwwoWY2S213Z//OGbOKLg==",
      "requires": {
        "@syncfusion/ej2-base": "~19.2.60",
        "@syncfusion/ej2-buttons": "~19.2.60",
        "@syncfusion/ej2-calendars": "~19.2.60",
        "@syncfusion/ej2-dropdowns": "~19.2.60",
        "@syncfusion/ej2-inputs": "~19.2.60",
        "@syncfusion/ej2-splitbuttons": "~19.2.60"
      }
    },
    "@syncfusion/ej2-richtexteditor": {
      "version": "19.2.62",
      "resolved": "https://registry.npmjs.org/@syncfusion/ej2-richtexteditor/-/ej2-richtexteditor-19.2.62.tgz",
      "integrity": "sha512-c19gezd79o0Dm0q0ZNmbc7nzrPlQkuX1JPFr/za4yCdoFvaCQN0DlXoGQHSdk6SlXWwaThsWNPIxSFXfZCyD9g==",
      "requires": {
        "@syncfusion/ej2-base": "~19.2.60",
        "@syncfusion/ej2-buttons": "~19.2.60",
        "@syncfusion/ej2-filemanager": "~19.2.60",
        "@syncfusion/ej2-inputs": "~19.2.60",
        "@syncfusion/ej2-navigations": "~19.2.62",
        "@syncfusion/ej2-popups": "~19.2.62",
        "@syncfusion/ej2-splitbuttons": "~19.2.62"
      }
    },
    "@syncfusion/ej2-schedule": {
      "version": "19.2.60",
      "resolved": "https://registry.npmjs.org/@syncfusion/ej2-schedule/-/ej2-schedule-19.2.60.tgz",
      "integrity": "sha512-CR0isjSW+Ac+8RB9Hhs5U5i1Ek7bWAdM0N+VH4mSsYN+9b3Kq6Rveun8PUqelUneEnQrsSRqmrgglyqgXQwBQQ==",
      "requires": {
        "@syncfusion/ej2-base": "~19.2.60",
        "@syncfusion/ej2-buttons": "~19.2.60",
        "@syncfusion/ej2-calendars": "~19.2.60",
        "@syncfusion/ej2-data": "~19.2.60",
        "@syncfusion/ej2-dropdowns": "~19.2.60",
        "@syncfusion/ej2-excel-export": "~19.2.60",
        "@syncfusion/ej2-inputs": "~19.2.60",
        "@syncfusion/ej2-lists": "~19.2.60",
        "@syncfusion/ej2-navigations": "~19.2.60",
        "@syncfusion/ej2-popups": "~19.2.60"
      }
    },
    "@syncfusion/ej2-splitbuttons": {
      "version": "19.2.62",
      "resolved": "https://registry.npmjs.org/@syncfusion/ej2-splitbuttons/-/ej2-splitbuttons-19.2.62.tgz",
      "integrity": "sha512-USWVQnaFZe5x6XcWNc+QZlg2SDsYVTcR++uJIQ/doFpxxrluARmhQFajotIizPgW+uogSGJFTLDZtoh+6e/buA==",
      "requires": {
        "@syncfusion/ej2-base": "~19.2.60",
        "@syncfusion/ej2-popups": "~19.2.62"
      }
    },
    "@syncfusion/ej2-spreadsheet": {
      "version": "19.2.62",
      "resolved": "https://registry.npmjs.org/@syncfusion/ej2-spreadsheet/-/ej2-spreadsheet-19.2.62.tgz",
      "integrity": "sha512-fihlED6NWM7OI0HMoL41UtupX6LpDkxZ/MDlNivZXzya7MtOsdPd1yGl0weLh2v//O7Ua/XHfcfxf7V6MpsrCA==",
      "requires": {
        "@syncfusion/ej2-base": "~19.2.60",
        "@syncfusion/ej2-charts": "~19.2.62",
        "@syncfusion/ej2-dropdowns": "~19.2.62",
        "@syncfusion/ej2-grids": "~19.2.62",
        "@syncfusion/ej2-navigations": "~19.2.62"
      }
    },
    "@syncfusion/ej2-svg-base": {
      "version": "19.2.60",
      "resolved": "https://registry.npmjs.org/@syncfusion/ej2-svg-base/-/ej2-svg-base-19.2.60.tgz",
      "integrity": "sha512-H4HSoZiAb9GR5NWV8VnXDDgdSVHh4SwSWWT/1OzpYHNg9DQFkH5QriR6Hyrd1XhiArIuKYVzHRwnAMRI7syGag==",
      "requires": {
        "@syncfusion/ej2-base": "~19.2.60"
      }
    },
    "@syncfusion/ej2-treegrid": {
      "version": "19.2.60",
      "resolved": "https://registry.npmjs.org/@syncfusion/ej2-treegrid/-/ej2-treegrid-19.2.60.tgz",
      "integrity": "sha512-n4IYsXBPll/6ImeiuXmHhk4D4u1aTjKyMCGubplJ2/GabnE3s0PGQVFALzR1gu5i3QjOBzLaeCGNYniaAG5IbQ==",
      "requires": {
        "@syncfusion/ej2-base": "~19.2.60",
        "@syncfusion/ej2-data": "~19.2.60",
        "@syncfusion/ej2-grids": "~19.2.60",
        "@syncfusion/ej2-popups": "~19.2.60"
      }
    },
    "@syncfusion/ej2-treemap": {
      "version": "19.2.60",
      "resolved": "https://registry.npmjs.org/@syncfusion/ej2-treemap/-/ej2-treemap-19.2.60.tgz",
      "integrity": "sha512-akKPYOsHutu+bn415jUKAX2eYbQZk24yMEjX9egMxrYpr4h6GHv3ZSffs0HPa+/djXokiHXg5OxDSY4NNI1hBQ==",
      "requires": {
        "@syncfusion/ej2-base": "~19.2.60",
        "@syncfusion/ej2-compression": "~19.2.60",
        "@syncfusion/ej2-data": "~19.2.60",
        "@syncfusion/ej2-file-utils": "~19.2.60",
        "@syncfusion/ej2-pdf-export": "~19.2.60",
        "@syncfusion/ej2-svg-base": "~19.2.60"
      }
    },
    "@types/lodash": {
      "version": "4.14.159",
      "resolved": "https://registry.npmjs.org/@types/lodash/-/lodash-4.14.159.tgz",
      "integrity": "sha512-gF7A72f7WQN33DpqOWw9geApQPh4M3PxluMtaHxWHXEGSN12/WbcEk/eNSqWNQcQhF66VSZ06vCF94CrHwXJDg=="
    },
    "balanced-match": {
      "version": "1.0.2",
      "resolved": "https://registry.npmjs.org/balanced-match/-/balanced-match-1.0.2.tgz",
      "integrity": "sha512-3oSeUO0TMV67hN1AmbXsK4yaqU7tjiHlbxRDZOpH0KW9+CeX4bRAaX0Anxt0tx2MrpRpWwQaPwIlISEJhYU5Pw=="
    },
    "brace-expansion": {
      "version": "1.1.11",
      "resolved": "https://registry.npmjs.org/brace-expansion/-/brace-expansion-1.1.11.tgz",
      "integrity": "sha512-iCuPHDFgrHX7H2vEI/5xpz07zSHB00TpugqhmYtVmMO6518mCuRMoOYFldEBl0g187ufozdaHgWKcYFb61qGiA==",
      "requires": {
        "balanced-match": "^1.0.0",
        "concat-map": "0.0.1"
      }
    },
    "concat-map": {
      "version": "0.0.1",
      "resolved": "https://registry.npmjs.org/concat-map/-/concat-map-0.0.1.tgz",
      "integrity": "sha1-2Klr13/Wjfd5OnMDajug1UBdR3s="
    },
    "core-util-is": {
      "version": "1.0.3",
      "resolved": "https://registry.npmjs.org/core-util-is/-/core-util-is-1.0.3.tgz",
      "integrity": "sha512-ZQBvi1DcpJ4GDqanjucZ2Hj3wEO5pZDS89BWbkcrvdxksJorwUDDZamX9ldFkp9aw2lmBDLgkObEA4DWNJ9FYQ=="
    },
    "fs.realpath": {
      "version": "1.0.0",
      "resolved": "https://registry.npmjs.org/fs.realpath/-/fs.realpath-1.0.0.tgz",
      "integrity": "sha1-FQStJSMVjKpA20onh8sBQRmU6k8="
    },
    "glob": {
      "version": "7.1.7",
      "resolved": "https://registry.npmjs.org/glob/-/glob-7.1.7.tgz",
      "integrity": "sha512-OvD9ENzPLbegENnYP5UUfJIirTg4+XwMWGaQfQTY0JenxNvvIKP3U3/tAQSPIu/lHxXYSZmpXlUHeqAIdKzBLQ==",
      "requires": {
        "fs.realpath": "^1.0.0",
        "inflight": "^1.0.4",
        "inherits": "2",
        "minimatch": "^3.0.4",
        "once": "^1.3.0",
        "path-is-absolute": "^1.0.0"
      }
    },
    "immediate": {
      "version": "3.0.6",
      "resolved": "https://registry.npmjs.org/immediate/-/immediate-3.0.6.tgz",
      "integrity": "sha1-nbHb0Pr43m++D13V5Wu2BigN5ps="
    },
    "inflight": {
      "version": "1.0.6",
      "resolved": "https://registry.npmjs.org/inflight/-/inflight-1.0.6.tgz",
      "integrity": "sha1-Sb1jMdfQLQwJvJEKEHW6gWW1bfk=",
      "requires": {
        "once": "^1.3.0",
        "wrappy": "1"
      }
    },
    "inherits": {
      "version": "2.0.4",
      "resolved": "https://registry.npmjs.org/inherits/-/inherits-2.0.4.tgz",
      "integrity": "sha512-k/vGaX4/Yla3WzyMCvTQOXYeIHvqOKtnqBduzTHpzpQZzAskKMhZ2K+EnBiSM9zGSoIFeMpXKxa4dYeZIQqewQ=="
    },
    "isarray": {
      "version": "1.0.0",
      "resolved": "https://registry.npmjs.org/isarray/-/isarray-1.0.0.tgz",
      "integrity": "sha1-u5NdSFgsuhaMBoNJV6VKPgcSTxE="
    },
    "jszip": {
      "version": "3.7.1",
      "resolved": "https://registry.npmjs.org/jszip/-/jszip-3.7.1.tgz",
      "integrity": "sha512-ghL0tz1XG9ZEmRMcEN2vt7xabrDdqHHeykgARpmZ0BiIctWxM47Vt63ZO2dnp4QYt/xJVLLy5Zv1l/xRdh2byg==",
      "requires": {
        "lie": "~3.3.0",
        "pako": "~1.0.2",
        "readable-stream": "~2.3.6",
        "set-immediate-shim": "~1.0.1"
      }
    },
    "lie": {
      "version": "3.3.0",
      "resolved": "https://registry.npmjs.org/lie/-/lie-3.3.0.tgz",
      "integrity": "sha512-UaiMJzeWRlEujzAuw5LokY1L5ecNQYZKfmyZ9L7wDHb/p5etKaxXhohBcrw0EYby+G/NA52vRSN4N39dxHAIwQ==",
      "requires": {
        "immediate": "~3.0.5"
      }
    },
    "minimatch": {
      "version": "3.0.4",
      "resolved": "https://registry.npmjs.org/minimatch/-/minimatch-3.0.4.tgz",
      "integrity": "sha512-yJHVQEhyqPLUTgt9B83PXu6W3rx4MvvHvSUvToogpwoGDOUQ+yDrR0HRot+yOCdCO7u4hX3pWft6kWBBcqh0UA==",
      "requires": {
        "brace-expansion": "^1.1.7"
      }
    },
    "once": {
      "version": "1.4.0",
      "resolved": "https://registry.npmjs.org/once/-/once-1.4.0.tgz",
      "integrity": "sha1-WDsap3WWHUsROsF9nFC6753Xa9E=",
      "requires": {
        "wrappy": "1"
      }
    },
    "pako": {
      "version": "1.0.11",
      "resolved": "https://registry.npmjs.org/pako/-/pako-1.0.11.tgz",
      "integrity": "sha512-4hLB8Py4zZce5s4yd9XzopqwVv/yGNhV1Bl8NTmCq1763HeK2+EwVTv+leGeL13Dnh2wfbqowVPXCIO0z4taYw=="
    },
    "path-is-absolute": {
      "version": "1.0.1",
      "resolved": "https://registry.npmjs.org/path-is-absolute/-/path-is-absolute-1.0.1.tgz",
      "integrity": "sha1-F0uSaHNVNP+8es5r9TpanhtcX18="
    },
    "process-nextick-args": {
      "version": "2.0.1",
      "resolved": "https://registry.npmjs.org/process-nextick-args/-/process-nextick-args-2.0.1.tgz",
      "integrity": "sha512-3ouUOpQhtgrbOa17J7+uxOTpITYWaGP7/AhoR3+A+/1e9skrzelGi/dXzEYyvbxubEF6Wn2ypscTKiKJFFn1ag=="
    },
    "readable-stream": {
      "version": "2.3.7",
      "resolved": "https://registry.npmjs.org/readable-stream/-/readable-stream-2.3.7.tgz",
      "integrity": "sha512-Ebho8K4jIbHAxnuxi7o42OrZgF/ZTNcsZj6nRKyUmkhLFq8CHItp/fy6hQZuZmP/n3yZ9VBUbp4zz/mX8hmYPw==",
      "requires": {
        "core-util-is": "~1.0.0",
        "inherits": "~2.0.3",
        "isarray": "~1.0.0",
        "process-nextick-args": "~2.0.0",
        "safe-buffer": "~5.1.1",
        "string_decoder": "~1.1.1",
        "util-deprecate": "~1.0.1"
      }
    },
    "rimraf": {
      "version": "3.0.2",
      "resolved": "https://registry.npmjs.org/rimraf/-/rimraf-3.0.2.tgz",
      "integrity": "sha512-JZkJMZkAGFFPP2YqXZXPbMlMBgsxzE8ILs4lMIX/2o0L9UBw9O/Y3o6wFw/i9YLapcUJWwqbi3kdxIPdC62TIA==",
      "requires": {
        "glob": "^7.1.3"
      }
    },
    "safe-buffer": {
      "version": "5.1.2",
      "resolved": "https://registry.npmjs.org/safe-buffer/-/safe-buffer-5.1.2.tgz",
      "integrity": "sha512-Gd2UZBJDkXlY7GbJxfsE8/nvKkUEU1G38c1siN6QP6a9PT9MmHB8GnpscSmMJSoF8LOIrt8ud/wPtojys4G6+g=="
    },
    "selenium-webdriver": {
      "version": "4.0.0-rc-1",
      "resolved": "https://registry.npmjs.org/selenium-webdriver/-/selenium-webdriver-4.0.0-rc-1.tgz",
      "integrity": "sha512-bcrwFPRax8fifRP60p7xkWDGSJJoMkPAzufMlk5K2NyLPht/YZzR2WcIk1+3gR8VOCLlst1P2PI+MXACaFzpIw==",
      "requires": {
        "jszip": "^3.6.0",
        "rimraf": "^3.0.2",
        "tmp": "^0.2.1",
        "ws": ">=7.4.6"
      }
    },
    "set-immediate-shim": {
      "version": "1.0.1",
      "resolved": "https://registry.npmjs.org/set-immediate-shim/-/set-immediate-shim-1.0.1.tgz",
      "integrity": "sha1-SysbJ+uAip+NzEgaWOXlb1mfP2E="
    },
    "string_decoder": {
      "version": "1.1.1",
      "resolved": "https://registry.npmjs.org/string_decoder/-/string_decoder-1.1.1.tgz",
      "integrity": "sha512-n/ShnvDi6FHbbVfviro+WojiFzv+s8MPMHBczVePfUpDJLwoLT0ht1l4YwBCbi8pJAveEEdnkHyPyTP/mzRfwg==",
      "requires": {
        "safe-buffer": "~5.1.0"
      }
    },
    "tmp": {
      "version": "0.2.1",
      "resolved": "https://registry.npmjs.org/tmp/-/tmp-0.2.1.tgz",
      "integrity": "sha512-76SUhtfqR2Ijn+xllcI5P1oyannHNHByD80W1q447gU3mp9G9PSpGdWmjUOHRDPiHYacIk66W7ubDTuPF3BEtQ==",
      "requires": {
        "rimraf": "^3.0.0"
      }
    },
    "tslib": {
      "version": "1.14.1",
      "resolved": "https://registry.npmjs.org/tslib/-/tslib-1.14.1.tgz",
      "integrity": "sha512-Xni35NKzjgMrwevysHTCArtLDpPvye8zV/0E4EyYn43P7/7qvQwPh9BGkHewbMulVntbigmcT7rdX3BNo9wRJg=="
    },
    "util-deprecate": {
      "version": "1.0.2",
      "resolved": "https://registry.npmjs.org/util-deprecate/-/util-deprecate-1.0.2.tgz",
      "integrity": "sha1-RQ1Nyfpw3nMnYvvS1KKJgUGaDM8="
    },
    "wrappy": {
      "version": "1.0.2",
      "resolved": "https://registry.npmjs.org/wrappy/-/wrappy-1.0.2.tgz",
      "integrity": "sha1-tSQ9jz7BqjXxNkYFvA0QNuMKtp8="
    },
    "ws": {
      "version": "8.2.2",
      "resolved": "https://registry.npmjs.org/ws/-/ws-8.2.2.tgz",
      "integrity": "sha512-Q6B6H2oc8QY3llc3cB8kVmQ6pnJWVQbP7Q5algTcIxx7YEpc0oU4NBVHlztA7Ekzfhw2r0rPducMUiCGWKQRzw=="
    }
  }
}
